
Microsoft Visual Studio Solution File, Format Version 12.00
# Visual Studio Version 16
VisualStudioVersion = 16.0.31129.286
MinimumVisualStudioVersion = 10.0.40219.1
Project("{8BC9CEB8-8B4A-11D0-8D11-00A0C91BC942}") = "Face_BeautyScore", "Face_BeautyScore\Face_BeautyScore.vcxproj", "{5A6E9B85-AF61-495A-80CB-3CDEBAA3D6C9}"
EndProject
Global
	GlobalSection(SolutionConfigurationPlatforms) = preSolution
		Debug|x64 = Debug|x64
		Debug|x86 = Debug|x86
		Release|x64 = Release|x64
		Release|x86 = Release|x86
	EndGlobalSection
	GlobalSection(ProjectConfigurationPlatforms) = postSolution
		{5A6E9B85-AF61-495A-80CB-3CDEBAA3D6C9}.Debug|x64.ActiveCfg = Debug|x64
		{5A6E9B85-AF61-495A-80CB-3CDEBAA3D6C9}.Debug|x64.Build.0 = Debug|x64
		{5A6E9B85-AF61-495A-80CB-3CDEBAA3D6C9}.Debug|x86.ActiveCfg = Debug|Win32
		{5A6E9B85-AF61-495A-80CB-3CDEBAA3D6C9}.Debug|x86.Build.0 = Debug|Win32
		{5A6E9B85-AF61-495A-80CB-3CDEBAA3D6C9}.Release|x64.ActiveCfg = Release|x64
		{5A6E9B85-AF61-495A-80CB-3CDEBAA3D6C9}.Release|x64.Build.0 = Release|x64
		{5A6E9B85-AF61-495A-80CB-3CDEBAA3D6C9}.Release|x86.ActiveCfg = Release|Win32
		{5A6E9B85-AF61-495A-80CB-3CDEBAA3D6C9}.Release|x86.Build.0 = Release|Win32
	EndGlobalSection
	GlobalSection(SolutionProperties) = preSolution
		HideSolutionNode = FALSE
	EndGlobalSection
	GlobalSection(ExtensibilityGlobals) = postSolution
		SolutionGuid = {1C0ECF5B-A4ED-406D-8EDF-081974018B89}
	EndGlobalSection
EndGlobal
